
Microsoft Visual Studio Solution File, Format Version 12.00
# Visual Studio 14
VisualStudioVersion = 14.0.25420.1
MinimumVisualStudioVersion = 10.0.40219.1
Project("{F184B08F-C81C-45F6-A57F-5ABD9991F28F}") = "ConsoleApplication10", "ConsoleApplication10\ConsoleApplication10.vbproj", "{73B68EF3-38E5-435A-AFDC-57197629F8B3}"
EndProject
Global
	GlobalSection(SolutionConfigurationPlatforms) = preSolution
		Debug|Any CPU = Debug|Any CPU
		Release|Any CPU = Release|Any CPU
	EndGlobalSection
	GlobalSection(ProjectConfigurationPlatforms) = postSolution
		{73B68EF3-38E5-435A-AFDC-57197629F8B3}.Debug|Any CPU.ActiveCfg = Debug|Any CPU
		{73B68EF3-38E5-435A-AFDC-57197629F8B3}.Debug|Any CPU.Build.0 = Debug|Any CPU
		{73B68EF3-38E5-435A-AFDC-57197629F8B3}.Release|Any CPU.ActiveCfg = Release|Any CPU
		{73B68EF3-38E5-435A-AFDC-57197629F8B3}.Release|Any CPU.Build.0 = Release|Any CPU
	EndGlobalSection
	GlobalSection(SolutionProperties) = preSolution
		HideSolutionNode = FALSE
	EndGlobalSection
EndGlobal
